
Microsoft Visual Studio Solution File, Format Version 12.00
# Visual Studio Version 17
VisualStudioVersion = 17.1.32421.90
MinimumVisualStudioVersion = 10.0.40219.1
Project("{FAE04EC0-301F-11D3-BF4B-00C04F79EFBC}") = "DWViceSimpleInstaller", "DWViceSimpleInstaller\DWViceSimpleInstaller.csproj", "{DD6B66DC-26ED-43A5-A1EC-E5E9A1F4EE78}"
EndProject
Global
	GlobalSection(SolutionConfigurationPlatforms) = preSolution
		Debug|Any CPU = Debug|Any CPU
		Release|Any CPU = Release|Any CPU
	EndGlobalSection
	GlobalSection(ProjectConfigurationPlatforms) = postSolution
		{DD6B66DC-26ED-43A5-A1EC-E5E9A1F4EE78}.Debug|Any CPU.ActiveCfg = Debug|Any CPU
		{DD6B66DC-26ED-43A5-A1EC-E5E9A1F4EE78}.Debug|Any CPU.Build.0 = Debug|Any CPU
		{DD6B66DC-26ED-43A5-A1EC-E5E9A1F4EE78}.Release|Any CPU.ActiveCfg = Release|Any CPU
		{DD6B66DC-26ED-43A5-A1EC-E5E9A1F4EE78}.Release|Any CPU.Build.0 = Release|Any CPU
	EndGlobalSection
	GlobalSection(SolutionProperties) = preSolution
		HideSolutionNode = FALSE
	EndGlobalSection
	GlobalSection(ExtensibilityGlobals) = postSolution
		SolutionGuid = {EE344A76-394F-4EF9-890A-EB0BFBFA4B73}
	EndGlobalSection
EndGlobal
